
Microsoft Visual Studio Solution File, Format Version 12.00
# Visual Studio 14
VisualStudioVersion = 14.0.25420.1
MinimumVisualStudioVersion = 10.0.40219.1
Project("{2150E333-8FDC-42A3-9474-1A3956D46DE8}") = "src", "src", "{FA51CB73-A1C4-41A8-9322-BDB92CB2C386}"
EndProject
Project("{2150E333-8FDC-42A3-9474-1A3956D46DE8}") = "Solution Items", "Solution Items", "{28601211-467E-49BD-A99A-52BBF975F770}"
	ProjectSection(SolutionItems) = preProject
		global.json = global.json
	EndProjectSection
EndProject
Project("{8BB2217D-0F2D-49D1-97BC-3654ED321F3B}") = "Qr.Net.Imaging", "src\Qr.Net.Imaging\Qr.Net.Imaging.xproj", "{1DAF2031-AA3E-4BC3-A797-08DAA85E4B6D}"
EndProject
Project("{8BB2217D-0F2D-49D1-97BC-3654ED321F3B}") = "QRCodeLib", "src\QRCodeLib\QRCodeLib.xproj", "{C7AA11C2-BB03-4C2F-871A-39E5CF6C1067}"
EndProject
Global
	GlobalSection(SolutionConfigurationPlatforms) = preSolution
		Debug|Any CPU = Debug|Any CPU
		Release|Any CPU = Release|Any CPU
	EndGlobalSection
	GlobalSection(ProjectConfigurationPlatforms) = postSolution
		{1DAF2031-AA3E-4BC3-A797-08DAA85E4B6D}.Debug|Any CPU.ActiveCfg = Debug|Any CPU
		{1DAF2031-AA3E-4BC3-A797-08DAA85E4B6D}.Debug|Any CPU.Build.0 = Debug|Any CPU
		{1DAF2031-AA3E-4BC3-A797-08DAA85E4B6D}.Release|Any CPU.ActiveCfg = Release|Any CPU
		{1DAF2031-AA3E-4BC3-A797-08DAA85E4B6D}.Release|Any CPU.Build.0 = Release|Any CPU
		{C7AA11C2-BB03-4C2F-871A-39E5CF6C1067}.Debug|Any CPU.ActiveCfg = Debug|Any CPU
		{C7AA11C2-BB03-4C2F-871A-39E5CF6C1067}.Debug|Any CPU.Build.0 = Debug|Any CPU
		{C7AA11C2-BB03-4C2F-871A-39E5CF6C1067}.Release|Any CPU.ActiveCfg = Release|Any CPU
		{C7AA11C2-BB03-4C2F-871A-39E5CF6C1067}.Release|Any CPU.Build.0 = Release|Any CPU
	EndGlobalSection
	GlobalSection(SolutionProperties) = preSolution
		HideSolutionNode = FALSE
	EndGlobalSection
	GlobalSection(NestedProjects) = preSolution
		{1DAF2031-AA3E-4BC3-A797-08DAA85E4B6D} = {FA51CB73-A1C4-41A8-9322-BDB92CB2C386}
		{C7AA11C2-BB03-4C2F-871A-39E5CF6C1067} = {FA51CB73-A1C4-41A8-9322-BDB92CB2C386}
	EndGlobalSection
EndGlobal
